# This file is generated by running "yarn install" inside your project.
# Manual changes might be lost - proceed with caution!

__metadata:
  version: 8
  cacheKey: 10c0

"@nathanvda/cocoon@npm:^1.2.14":
  version: 1.2.14
  resolution: "@nathanvda/cocoon@npm:1.2.14"
  dependencies:
    jquery: "npm:^3.3.1"
  checksum: 10c0/282737f2fd76b5467e82dde9537757009c4650a06c32f236460678b98b18b20974d66e7ad37145e30787fdb6b7885461c2236af56465d755da2f26b36321a781
  languageName: node
  linkType: hard

"@stimulus-components/rails-nested-form@npm:^5.0.0":
  version: 5.0.0
  resolution: "@stimulus-components/rails-nested-form@npm:5.0.0"
  peerDependencies:
    "@hotwired/stimulus": ^3.0.0
  checksum: 10c0/4c2aed94c92b9b6d129c9a3a64bb9eb9a8a2676a29fe9f964f18392a38fcc9a446511799771b7e85a3705a434ba2dc37dc8ed490af1d9e129973f326c7fff826
  languageName: node
  linkType: hard

"jquery@npm:^3.3.1":
  version: 3.7.1
  resolution: "jquery@npm:3.7.1"
  checksum: 10c0/808cfbfb758438560224bf26e17fcd5afc7419170230c810dd11f5c1792e2263e2970cca8d659eb84fcd9acc301edb6d310096e450277d54be4f57071b0c82d9
  languageName: node
  linkType: hard

"root-workspace-0b6124@workspace:.":
  version: 0.0.0-use.local
  resolution: "root-workspace-0b6124@workspace:."
  dependencies:
    "@nathanvda/cocoon": "npm:^1.2.14"
    "@stimulus-components/rails-nested-form": "npm:^5.0.0"
    vanilla-nested: "https://github.com/arielj/vanilla-nested"
  languageName: unknown
  linkType: soft

"vanilla-nested@https://github.com/arielj/vanilla-nested":
  version: 1.7.0
  resolution: "vanilla-nested@https://github.com/arielj/vanilla-nested.git#commit=cab8f390dc99eed933952f6fcc14603bad30c6a8"
  checksum: 10c0/676e83596e5b3a8543538211091501c717160bcb2a8488d60c7d002284f78f83b3be46f711bd3d021d4ec8844763bb7a927535caefdffda8c30fa9385ae391ee
  languageName: node
  linkType: hard
